
Microsoft Visual Studio Solution File, Format Version 12.00
# Visual Studio Version 17
VisualStudioVersion = 17.3.32825.248
MinimumVisualStudioVersion = 10.0.40219.1
Project("{E24C65DC-7377-472B-9ABA-BC803B73C61A}") = "Desktop", ".", "{C27B16A6-4525-482C-BB91-88B859A2F0E3}"
	ProjectSection(WebsiteProperties) = preProject
		TargetFrameworkMoniker = ".NETFramework,Version%3Dv4.8"
		Debug.AspNetCompiler.VirtualPath = "/localhost_63739"
		Debug.AspNetCompiler.PhysicalPath = "..\RedGold\"
		Debug.AspNetCompiler.TargetPath = "PrecompiledWeb\localhost_63739\"
		Debug.AspNetCompiler.Updateable = "true"
		Debug.AspNetCompiler.ForceOverwrite = "true"
		Debug.AspNetCompiler.FixedNames = "false"
		Debug.AspNetCompiler.Debug = "True"
		Release.AspNetCompiler.VirtualPath = "/localhost_63739"
		Release.AspNetCompiler.PhysicalPath = "..\RedGold\"
		Release.AspNetCompiler.TargetPath = "PrecompiledWeb\localhost_63739\"
		Release.AspNetCompiler.Updateable = "true"
		Release.AspNetCompiler.ForceOverwrite = "true"
		Release.AspNetCompiler.FixedNames = "false"
		Release.AspNetCompiler.Debug = "False"
		VWDPort = "63739"
	EndProjectSection
EndProject
Global
	GlobalSection(SolutionConfigurationPlatforms) = preSolution
		Debug|Any CPU = Debug|Any CPU
	EndGlobalSection
	GlobalSection(ProjectConfigurationPlatforms) = postSolution
		{C27B16A6-4525-482C-BB91-88B859A2F0E3}.Debug|Any CPU.ActiveCfg = Debug|Any CPU
		{C27B16A6-4525-482C-BB91-88B859A2F0E3}.Debug|Any CPU.Build.0 = Debug|Any CPU
	EndGlobalSection
	GlobalSection(SolutionProperties) = preSolution
		HideSolutionNode = FALSE
	EndGlobalSection
	GlobalSection(ExtensibilityGlobals) = postSolution
		SolutionGuid = {292240DC-4B02-4BAB-8BCF-4F801DA1595D}
	EndGlobalSection
EndGlobal
